
Microsoft Visual Studio Solution File, Format Version 12.00
# Visual Studio Version 17
VisualStudioVersion = 17.3.32825.248
MinimumVisualStudioVersion = 10.0.40219.1
Project("{FAE04EC0-301F-11D3-BF4B-00C04F79EFBC}") = "cviko4", "cviko4\cviko4.csproj", "{D7789CF8-CAD7-4DB8-A5EC-D5379A2A3556}"
EndProject
Global
	GlobalSection(SolutionConfigurationPlatforms) = preSolution
		Debug|Any CPU = Debug|Any CPU
		Release|Any CPU = Release|Any CPU
	EndGlobalSection
	GlobalSection(ProjectConfigurationPlatforms) = postSolution
		{D7789CF8-CAD7-4DB8-A5EC-D5379A2A3556}.Debug|Any CPU.ActiveCfg = Debug|Any CPU
		{D7789CF8-CAD7-4DB8-A5EC-D5379A2A3556}.Debug|Any CPU.Build.0 = Debug|Any CPU
		{D7789CF8-CAD7-4DB8-A5EC-D5379A2A3556}.Release|Any CPU.ActiveCfg = Release|Any CPU
		{D7789CF8-CAD7-4DB8-A5EC-D5379A2A3556}.Release|Any CPU.Build.0 = Release|Any CPU
	EndGlobalSection
	GlobalSection(SolutionProperties) = preSolution
		HideSolutionNode = FALSE
	EndGlobalSection
	GlobalSection(ExtensibilityGlobals) = postSolution
		SolutionGuid = {84E78067-8399-4ADB-979E-302C1E40EE02}
	EndGlobalSection
EndGlobal
